
Microsoft Visual Studio Solution File, Format Version 12.00
# Visual Studio Version 16
VisualStudioVersion = 16.0.30503.244
MinimumVisualStudioVersion = 10.0.40219.1
Project("{FAE04EC0-301F-11D3-BF4B-00C04F79EFBC}") = "Portfolio_Website", "Portfolio_Website\Portfolio_Website.csproj", "{0991D3EA-22AC-4759-8D3B-E1E42E34F32F}"
EndProject
Global
	GlobalSection(SolutionConfigurationPlatforms) = preSolution
		Debug|Any CPU = Debug|Any CPU
		Release|Any CPU = Release|Any CPU
	EndGlobalSection
	GlobalSection(ProjectConfigurationPlatforms) = postSolution
		{0991D3EA-22AC-4759-8D3B-E1E42E34F32F}.Debug|Any CPU.ActiveCfg = Debug|Any CPU
		{0991D3EA-22AC-4759-8D3B-E1E42E34F32F}.Debug|Any CPU.Build.0 = Debug|Any CPU
		{0991D3EA-22AC-4759-8D3B-E1E42E34F32F}.Release|Any CPU.ActiveCfg = Release|Any CPU
		{0991D3EA-22AC-4759-8D3B-E1E42E34F32F}.Release|Any CPU.Build.0 = Release|Any CPU
	EndGlobalSection
	GlobalSection(SolutionProperties) = preSolution
		HideSolutionNode = FALSE
	EndGlobalSection
	GlobalSection(ExtensibilityGlobals) = postSolution
		SolutionGuid = {A7372FD5-1DAE-480E-BDBF-2FBF6786E511}
	EndGlobalSection
EndGlobal
